
Microsoft Visual Studio Solution File, Format Version 12.00
# Visual Studio Version 16
VisualStudioVersion = 16.0.29418.71
MinimumVisualStudioVersion = 10.0.40219.1
Project("{FAE04EC0-301F-11D3-BF4B-00C04F79EFBC}") = "EKB_WEBSERVER", "EKB_WEBSERVER\EKB_WEBSERVER.csproj", "{48B86AE3-6316-4006-930D-362EE1BAACEA}"
EndProject
Project("{FAE04EC0-301F-11D3-BF4B-00C04F79EFBC}") = "SYS_MODELS", "SYS_MODELS\SYS_MODELS.csproj", "{D7E2847B-7670-41F3-A062-6113CD384F74}"
EndProject
Project("{FAE04EC0-301F-11D3-BF4B-00C04F79EFBC}") = "EKANBAN_HIS", "EKANBAN_HIS\EKANBAN_HIS.csproj", "{4D0FC1C7-E5A4-4591-9F07-8832AFC939D3}"
EndProject
Project("{FAE04EC0-301F-11D3-BF4B-00C04F79EFBC}") = "SEQUENCE", "SEQUENCE\SEQUENCE.csproj", "{CA8CF0D2-EFB0-4D71-B034-6B0C76C9D0BF}"
EndProject
Project("{FAE04EC0-301F-11D3-BF4B-00C04F79EFBC}") = "SCHEDULE", "SCHEDULE\SCHEDULE.csproj", "{CEB0CC91-A4D2-42EE-98FB-FFCA42C91E4C}"
EndProject
Project("{FAE04EC0-301F-11D3-BF4B-00C04F79EFBC}") = "EMPLOYEE", "EMPLOYEE\EMPLOYEE.csproj", "{FCA5E683-8B27-4767-803D-8FDEDC7F4DD1}"
EndProject
Project("{FAE04EC0-301F-11D3-BF4B-00C04F79EFBC}") = "EKANBAN_TASK", "EKANBAN_TASK\EKANBAN_TASK.csproj", "{11AE2593-AE41-4775-885A-BAD7D76C3D28}"
EndProject
Project("{FAE04EC0-301F-11D3-BF4B-00C04F79EFBC}") = "BEAMCUT_TASK", "BEAMCUT_TASK\BEAMCUT_TASK.csproj", "{E9004F83-C252-448B-8C0B-8B4B5BF37627}"
EndProject
Project("{FAE04EC0-301F-11D3-BF4B-00C04F79EFBC}") = "COMPONENT", "COMPONENT\COMPONENT.csproj", "{DCEF8001-7761-441D-9BE7-2E0B40E56091}"
EndProject
Project("{FAE04EC0-301F-11D3-BF4B-00C04F79EFBC}") = "BUILDING", "BUILDING\BUILDING.csproj", "{2A6FCBA7-CA43-46B4-9BEC-49A30D7F92B6}"
EndProject
Project("{FAE04EC0-301F-11D3-BF4B-00C04F79EFBC}") = "STOCK_MANAGEMENT", "STOCK_MANAGEMENT\STOCK_MANAGEMENT.csproj", "{3A5E17A7-AB34-4695-B1E4-1CBF359964A3}"
EndProject
Project("{FAE04EC0-301F-11D3-BF4B-00C04F79EFBC}") = "_DATABASE_INITIALIZE", "_DATABASE_INITIALIZE\_DATABASE_INITIALIZE.csproj", "{A7DB20D1-69E5-4550-B356-D1216255BCA8}"
EndProject
Project("{FAE04EC0-301F-11D3-BF4B-00C04F79EFBC}") = "EKANBAN_SYS_LIB", "EKANBAN_SYS_LIB\EKANBAN_SYS_LIB.csproj", "{9A9475C7-4832-4FB4-A6AF-9CBB2F985F75}"
EndProject
Project("{FAE04EC0-301F-11D3-BF4B-00C04F79EFBC}") = "_AUTO_UPADATE_DB", "_AUTO_UPADATE_DB\_AUTO_UPADATE_DB.csproj", "{315C134B-DF72-45F7-B9B7-AF051E19F74C}"
EndProject
Project("{FAE04EC0-301F-11D3-BF4B-00C04F79EFBC}") = "UpdateComponent", "UpdateComponent\UpdateComponent.csproj", "{C1978B6D-2D46-49DA-9A54-C1CD4C737EE4}"
EndProject
Project("{FAE04EC0-301F-11D3-BF4B-00C04F79EFBC}") = "AutoShutdown", "AutoShutdown\AutoShutdown.csproj", "{C406B9FE-88E4-4FDF-854D-6C7979949008}"
EndProject
Global
	GlobalSection(SolutionConfigurationPlatforms) = preSolution
		Debug|Any CPU = Debug|Any CPU
		Debug|x64 = Debug|x64
		Debug|x86 = Debug|x86
		Release|Any CPU = Release|Any CPU
		Release|x64 = Release|x64
		Release|x86 = Release|x86
	EndGlobalSection
	GlobalSection(ProjectConfigurationPlatforms) = postSolution
		{48B86AE3-6316-4006-930D-362EE1BAACEA}.Debug|Any CPU.ActiveCfg = Debug|Any CPU
		{48B86AE3-6316-4006-930D-362EE1BAACEA}.Debug|Any CPU.Build.0 = Debug|Any CPU
		{48B86AE3-6316-4006-930D-362EE1BAACEA}.Debug|x64.ActiveCfg = Debug|x64
		{48B86AE3-6316-4006-930D-362EE1BAACEA}.Debug|x64.Build.0 = Debug|x64
		{48B86AE3-6316-4006-930D-362EE1BAACEA}.Debug|x86.ActiveCfg = Debug|x86
		{48B86AE3-6316-4006-930D-362EE1BAACEA}.Debug|x86.Build.0 = Debug|x86
		{48B86AE3-6316-4006-930D-362EE1BAACEA}.Release|Any CPU.ActiveCfg = Release|Any CPU
		{48B86AE3-6316-4006-930D-362EE1BAACEA}.Release|Any CPU.Build.0 = Release|Any CPU
		{48B86AE3-6316-4006-930D-362EE1BAACEA}.Release|x64.ActiveCfg = Release|x64
		{48B86AE3-6316-4006-930D-362EE1BAACEA}.Release|x64.Build.0 = Release|x64
		{48B86AE3-6316-4006-930D-362EE1BAACEA}.Release|x86.ActiveCfg = Release|x86
		{48B86AE3-6316-4006-930D-362EE1BAACEA}.Release|x86.Build.0 = Release|x86
		{D7E2847B-7670-41F3-A062-6113CD384F74}.Debug|Any CPU.ActiveCfg = Debug|Any CPU
		{D7E2847B-7670-41F3-A062-6113CD384F74}.Debug|Any CPU.Build.0 = Debug|Any CPU
		{D7E2847B-7670-41F3-A062-6113CD384F74}.Debug|x64.ActiveCfg = Debug|x64
		{D7E2847B-7670-41F3-A062-6113CD384F74}.Debug|x64.Build.0 = Debug|x64
		{D7E2847B-7670-41F3-A062-6113CD384F74}.Debug|x86.ActiveCfg = Debug|x86
		{D7E2847B-7670-41F3-A062-6113CD384F74}.Debug|x86.Build.0 = Debug|x86
		{D7E2847B-7670-41F3-A062-6113CD384F74}.Release|Any CPU.ActiveCfg = Release|Any CPU
		{D7E2847B-7670-41F3-A062-6113CD384F74}.Release|Any CPU.Build.0 = Release|Any CPU
		{D7E2847B-7670-41F3-A062-6113CD384F74}.Release|x64.ActiveCfg = Release|x64
		{D7E2847B-7670-41F3-A062-6113CD384F74}.Release|x64.Build.0 = Release|x64
		{D7E2847B-7670-41F3-A062-6113CD384F74}.Release|x86.ActiveCfg = Release|x86
		{D7E2847B-7670-41F3-A062-6113CD384F74}.Release|x86.Build.0 = Release|x86
		{4D0FC1C7-E5A4-4591-9F07-8832AFC939D3}.Debug|Any CPU.ActiveCfg = Debug|Any CPU
		{4D0FC1C7-E5A4-4591-9F07-8832AFC939D3}.Debug|Any CPU.Build.0 = Debug|Any CPU
		{4D0FC1C7-E5A4-4591-9F07-8832AFC939D3}.Debug|x64.ActiveCfg = Debug|x64
		{4D0FC1C7-E5A4-4591-9F07-8832AFC939D3}.Debug|x64.Build.0 = Debug|x64
		{4D0FC1C7-E5A4-4591-9F07-8832AFC939D3}.Debug|x86.ActiveCfg = Debug|x86
		{4D0FC1C7-E5A4-4591-9F07-8832AFC939D3}.Debug|x86.Build.0 = Debug|x86
		{4D0FC1C7-E5A4-4591-9F07-8832AFC939D3}.Release|Any CPU.ActiveCfg = Release|Any CPU
		{4D0FC1C7-E5A4-4591-9F07-8832AFC939D3}.Release|Any CPU.Build.0 = Release|Any CPU
		{4D0FC1C7-E5A4-4591-9F07-8832AFC939D3}.Release|x64.ActiveCfg = Release|x64
		{4D0FC1C7-E5A4-4591-9F07-8832AFC939D3}.Release|x64.Build.0 = Release|x64
		{4D0FC1C7-E5A4-4591-9F07-8832AFC939D3}.Release|x86.ActiveCfg = Release|x86
		{4D0FC1C7-E5A4-4591-9F07-8832AFC939D3}.Release|x86.Build.0 = Release|x86
		{CA8CF0D2-EFB0-4D71-B034-6B0C76C9D0BF}.Debug|Any CPU.ActiveCfg = Debug|Any CPU
		{CA8CF0D2-EFB0-4D71-B034-6B0C76C9D0BF}.Debug|Any CPU.Build.0 = Debug|Any CPU
		{CA8CF0D2-EFB0-4D71-B034-6B0C76C9D0BF}.Debug|x64.ActiveCfg = Debug|x64
		{CA8CF0D2-EFB0-4D71-B034-6B0C76C9D0BF}.Debug|x64.Build.0 = Debug|x64
		{CA8CF0D2-EFB0-4D71-B034-6B0C76C9D0BF}.Debug|x86.ActiveCfg = Debug|x86
		{CA8CF0D2-EFB0-4D71-B034-6B0C76C9D0BF}.Debug|x86.Build.0 = Debug|x86
		{CA8CF0D2-EFB0-4D71-B034-6B0C76C9D0BF}.Release|Any CPU.ActiveCfg = Release|Any CPU
		{CA8CF0D2-EFB0-4D71-B034-6B0C76C9D0BF}.Release|Any CPU.Build.0 = Release|Any CPU
		{CA8CF0D2-EFB0-4D71-B034-6B0C76C9D0BF}.Release|x64.ActiveCfg = Release|x64
		{CA8CF0D2-EFB0-4D71-B034-6B0C76C9D0BF}.Release|x64.Build.0 = Release|x64
		{CA8CF0D2-EFB0-4D71-B034-6B0C76C9D0BF}.Release|x86.ActiveCfg = Release|x86
		{CA8CF0D2-EFB0-4D71-B034-6B0C76C9D0BF}.Release|x86.Build.0 = Release|x86
		{CEB0CC91-A4D2-42EE-98FB-FFCA42C91E4C}.Debug|Any CPU.ActiveCfg = Debug|Any CPU
		{CEB0CC91-A4D2-42EE-98FB-FFCA42C91E4C}.Debug|Any CPU.Build.0 = Debug|Any CPU
		{CEB0CC91-A4D2-42EE-98FB-FFCA42C91E4C}.Debug|x64.ActiveCfg = Debug|x64
		{CEB0CC91-A4D2-42EE-98FB-FFCA42C91E4C}.Debug|x64.Build.0 = Debug|x64
		{CEB0CC91-A4D2-42EE-98FB-FFCA42C91E4C}.Debug|x86.ActiveCfg = Debug|x86
		{CEB0CC91-A4D2-42EE-98FB-FFCA42C91E4C}.Debug|x86.Build.0 = Debug|x86
		{CEB0CC91-A4D2-42EE-98FB-FFCA42C91E4C}.Release|Any CPU.ActiveCfg = Release|Any CPU
		{CEB0CC91-A4D2-42EE-98FB-FFCA42C91E4C}.Release|Any CPU.Build.0 = Release|Any CPU
		{CEB0CC91-A4D2-42EE-98FB-FFCA42C91E4C}.Release|x64.ActiveCfg = Release|x64
		{CEB0CC91-A4D2-42EE-98FB-FFCA42C91E4C}.Release|x64.Build.0 = Release|x64
		{CEB0CC91-A4D2-42EE-98FB-FFCA42C91E4C}.Release|x86.ActiveCfg = Release|x86
		{CEB0CC91-A4D2-42EE-98FB-FFCA42C91E4C}.Release|x86.Build.0 = Release|x86
		{FCA5E683-8B27-4767-803D-8FDEDC7F4DD1}.Debug|Any CPU.ActiveCfg = Debug|Any CPU
		{FCA5E683-8B27-4767-803D-8FDEDC7F4DD1}.Debug|Any CPU.Build.0 = Debug|Any CPU
		{FCA5E683-8B27-4767-803D-8FDEDC7F4DD1}.Debug|x64.ActiveCfg = Debug|x64
		{FCA5E683-8B27-4767-803D-8FDEDC7F4DD1}.Debug|x64.Build.0 = Debug|x64
		{FCA5E683-8B27-4767-803D-8FDEDC7F4DD1}.Debug|x86.ActiveCfg = Debug|x86
		{FCA5E683-8B27-4767-803D-8FDEDC7F4DD1}.Debug|x86.Build.0 = Debug|x86
		{FCA5E683-8B27-4767-803D-8FDEDC7F4DD1}.Release|Any CPU.ActiveCfg = Release|Any CPU
		{FCA5E683-8B27-4767-803D-8FDEDC7F4DD1}.Release|Any CPU.Build.0 = Release|Any CPU
		{FCA5E683-8B27-4767-803D-8FDEDC7F4DD1}.Release|x64.ActiveCfg = Release|x64
		{FCA5E683-8B27-4767-803D-8FDEDC7F4DD1}.Release|x64.Build.0 = Release|x64
		{FCA5E683-8B27-4767-803D-8FDEDC7F4DD1}.Release|x86.ActiveCfg = Release|x86
		{FCA5E683-8B27-4767-803D-8FDEDC7F4DD1}.Release|x86.Build.0 = Release|x86
		{11AE2593-AE41-4775-885A-BAD7D76C3D28}.Debug|Any CPU.ActiveCfg = Debug|Any CPU
		{11AE2593-AE41-4775-885A-BAD7D76C3D28}.Debug|Any CPU.Build.0 = Debug|Any CPU
		{11AE2593-AE41-4775-885A-BAD7D76C3D28}.Debug|x64.ActiveCfg = Debug|x64
		{11AE2593-AE41-4775-885A-BAD7D76C3D28}.Debug|x64.Build.0 = Debug|x64
		{11AE2593-AE41-4775-885A-BAD7D76C3D28}.Debug|x86.ActiveCfg = Debug|x86
		{11AE2593-AE41-4775-885A-BAD7D76C3D28}.Debug|x86.Build.0 = Debug|x86
		{11AE2593-AE41-4775-885A-BAD7D76C3D28}.Release|Any CPU.ActiveCfg = Release|Any CPU
		{11AE2593-AE41-4775-885A-BAD7D76C3D28}.Release|Any CPU.Build.0 = Release|Any CPU
		{11AE2593-AE41-4775-885A-BAD7D76C3D28}.Release|x64.ActiveCfg = Release|x64
		{11AE2593-AE41-4775-885A-BAD7D76C3D28}.Release|x64.Build.0 = Release|x64
		{11AE2593-AE41-4775-885A-BAD7D76C3D28}.Release|x86.ActiveCfg = Release|x86
		{11AE2593-AE41-4775-885A-BAD7D76C3D28}.Release|x86.Build.0 = Release|x86
		{E9004F83-C252-448B-8C0B-8B4B5BF37627}.Debug|Any CPU.ActiveCfg = Debug|Any CPU
		{E9004F83-C252-448B-8C0B-8B4B5BF37627}.Debug|Any CPU.Build.0 = Debug|Any CPU
		{E9004F83-C252-448B-8C0B-8B4B5BF37627}.Debug|x64.ActiveCfg = Debug|x64
		{E9004F83-C252-448B-8C0B-8B4B5BF37627}.Debug|x64.Build.0 = Debug|x64
		{E9004F83-C252-448B-8C0B-8B4B5BF37627}.Debug|x86.ActiveCfg = Debug|x86
		{E9004F83-C252-448B-8C0B-8B4B5BF37627}.Debug|x86.Build.0 = Debug|x86
		{E9004F83-C252-448B-8C0B-8B4B5BF37627}.Release|Any CPU.ActiveCfg = Release|Any CPU
		{E9004F83-C252-448B-8C0B-8B4B5BF37627}.Release|Any CPU.Build.0 = Release|Any CPU
		{E9004F83-C252-448B-8C0B-8B4B5BF37627}.Release|x64.ActiveCfg = Release|x64
		{E9004F83-C252-448B-8C0B-8B4B5BF37627}.Release|x64.Build.0 = Release|x64
		{E9004F83-C252-448B-8C0B-8B4B5BF37627}.Release|x86.ActiveCfg = Release|x86
		{E9004F83-C252-448B-8C0B-8B4B5BF37627}.Release|x86.Build.0 = Release|x86
		{DCEF8001-7761-441D-9BE7-2E0B40E56091}.Debug|Any CPU.ActiveCfg = Debug|Any CPU
		{DCEF8001-7761-441D-9BE7-2E0B40E56091}.Debug|Any CPU.Build.0 = Debug|Any CPU
		{DCEF8001-7761-441D-9BE7-2E0B40E56091}.Debug|x64.ActiveCfg = Debug|x64
		{DCEF8001-7761-441D-9BE7-2E0B40E56091}.Debug|x64.Build.0 = Debug|x64
		{DCEF8001-7761-441D-9BE7-2E0B40E56091}.Debug|x86.ActiveCfg = Debug|x86
		{DCEF8001-7761-441D-9BE7-2E0B40E56091}.Debug|x86.Build.0 = Debug|x86
		{DCEF8001-7761-441D-9BE7-2E0B40E56091}.Release|Any CPU.ActiveCfg = Release|Any CPU
		{DCEF8001-7761-441D-9BE7-2E0B40E56091}.Release|Any CPU.Build.0 = Release|Any CPU
		{DCEF8001-7761-441D-9BE7-2E0B40E56091}.Release|x64.ActiveCfg = Release|x64
		{DCEF8001-7761-441D-9BE7-2E0B40E56091}.Release|x64.Build.0 = Release|x64
		{DCEF8001-7761-441D-9BE7-2E0B40E56091}.Release|x86.ActiveCfg = Release|x86
		{DCEF8001-7761-441D-9BE7-2E0B40E56091}.Release|x86.Build.0 = Release|x86
		{2A6FCBA7-CA43-46B4-9BEC-49A30D7F92B6}.Debug|Any CPU.ActiveCfg = Debug|Any CPU
		{2A6FCBA7-CA43-46B4-9BEC-49A30D7F92B6}.Debug|Any CPU.Build.0 = Debug|Any CPU
		{2A6FCBA7-CA43-46B4-9BEC-49A30D7F92B6}.Debug|x64.ActiveCfg = Debug|x64
		{2A6FCBA7-CA43-46B4-9BEC-49A30D7F92B6}.Debug|x64.Build.0 = Debug|x64
		{2A6FCBA7-CA43-46B4-9BEC-49A30D7F92B6}.Debug|x86.ActiveCfg = Debug|x86
		{2A6FCBA7-CA43-46B4-9BEC-49A30D7F92B6}.Debug|x86.Build.0 = Debug|x86
		{2A6FCBA7-CA43-46B4-9BEC-49A30D7F92B6}.Release|Any CPU.ActiveCfg = Release|Any CPU
		{2A6FCBA7-CA43-46B4-9BEC-49A30D7F92B6}.Release|Any CPU.Build.0 = Release|Any CPU
		{2A6FCBA7-CA43-46B4-9BEC-49A30D7F92B6}.Release|x64.ActiveCfg = Release|x64
		{2A6FCBA7-CA43-46B4-9BEC-49A30D7F92B6}.Release|x64.Build.0 = Release|x64
		{2A6FCBA7-CA43-46B4-9BEC-49A30D7F92B6}.Release|x86.ActiveCfg = Release|x86
		{2A6FCBA7-CA43-46B4-9BEC-49A30D7F92B6}.Release|x86.Build.0 = Release|x86
		{3A5E17A7-AB34-4695-B1E4-1CBF359964A3}.Debug|Any CPU.ActiveCfg = Debug|Any CPU
		{3A5E17A7-AB34-4695-B1E4-1CBF359964A3}.Debug|Any CPU.Build.0 = Debug|Any CPU
		{3A5E17A7-AB34-4695-B1E4-1CBF359964A3}.Debug|x64.ActiveCfg = Debug|x64
		{3A5E17A7-AB34-4695-B1E4-1CBF359964A3}.Debug|x64.Build.0 = Debug|x64
		{3A5E17A7-AB34-4695-B1E4-1CBF359964A3}.Debug|x86.ActiveCfg = Debug|x86
		{3A5E17A7-AB34-4695-B1E4-1CBF359964A3}.Debug|x86.Build.0 = Debug|x86
		{3A5E17A7-AB34-4695-B1E4-1CBF359964A3}.Release|Any CPU.ActiveCfg = Release|Any CPU
		{3A5E17A7-AB34-4695-B1E4-1CBF359964A3}.Release|Any CPU.Build.0 = Release|Any CPU
		{3A5E17A7-AB34-4695-B1E4-1CBF359964A3}.Release|x64.ActiveCfg = Release|x64
		{3A5E17A7-AB34-4695-B1E4-1CBF359964A3}.Release|x64.Build.0 = Release|x64
		{3A5E17A7-AB34-4695-B1E4-1CBF359964A3}.Release|x86.ActiveCfg = Release|x86
		{3A5E17A7-AB34-4695-B1E4-1CBF359964A3}.Release|x86.Build.0 = Release|x86
		{A7DB20D1-69E5-4550-B356-D1216255BCA8}.Debug|Any CPU.ActiveCfg = Debug|x64
		{A7DB20D1-69E5-4550-B356-D1216255BCA8}.Debug|Any CPU.Build.0 = Debug|x64
		{A7DB20D1-69E5-4550-B356-D1216255BCA8}.Debug|x64.ActiveCfg = Debug|x64
		{A7DB20D1-69E5-4550-B356-D1216255BCA8}.Debug|x64.Build.0 = Debug|x64
		{A7DB20D1-69E5-4550-B356-D1216255BCA8}.Debug|x86.ActiveCfg = Debug|x86
		{A7DB20D1-69E5-4550-B356-D1216255BCA8}.Debug|x86.Build.0 = Debug|x86
		{A7DB20D1-69E5-4550-B356-D1216255BCA8}.Release|Any CPU.ActiveCfg = Release|x64
		{A7DB20D1-69E5-4550-B356-D1216255BCA8}.Release|Any CPU.Build.0 = Release|x64
		{A7DB20D1-69E5-4550-B356-D1216255BCA8}.Release|x64.ActiveCfg = Release|x64
		{A7DB20D1-69E5-4550-B356-D1216255BCA8}.Release|x64.Build.0 = Release|x64
		{A7DB20D1-69E5-4550-B356-D1216255BCA8}.Release|x86.ActiveCfg = Release|x86
		{A7DB20D1-69E5-4550-B356-D1216255BCA8}.Release|x86.Build.0 = Release|x86
		{9A9475C7-4832-4FB4-A6AF-9CBB2F985F75}.Debug|Any CPU.ActiveCfg = Debug|Any CPU
		{9A9475C7-4832-4FB4-A6AF-9CBB2F985F75}.Debug|Any CPU.Build.0 = Debug|Any CPU
		{9A9475C7-4832-4FB4-A6AF-9CBB2F985F75}.Debug|x64.ActiveCfg = Debug|x64
		{9A9475C7-4832-4FB4-A6AF-9CBB2F985F75}.Debug|x64.Build.0 = Debug|x64
		{9A9475C7-4832-4FB4-A6AF-9CBB2F985F75}.Debug|x86.ActiveCfg = Debug|x86
		{9A9475C7-4832-4FB4-A6AF-9CBB2F985F75}.Debug|x86.Build.0 = Debug|x86
		{9A9475C7-4832-4FB4-A6AF-9CBB2F985F75}.Release|Any CPU.ActiveCfg = Release|Any CPU
		{9A9475C7-4832-4FB4-A6AF-9CBB2F985F75}.Release|Any CPU.Build.0 = Release|Any CPU
		{9A9475C7-4832-4FB4-A6AF-9CBB2F985F75}.Release|x64.ActiveCfg = Release|x64
		{9A9475C7-4832-4FB4-A6AF-9CBB2F985F75}.Release|x64.Build.0 = Release|x64
		{9A9475C7-4832-4FB4-A6AF-9CBB2F985F75}.Release|x86.ActiveCfg = Release|x86
		{9A9475C7-4832-4FB4-A6AF-9CBB2F985F75}.Release|x86.Build.0 = Release|x86
		{315C134B-DF72-45F7-B9B7-AF051E19F74C}.Debug|Any CPU.ActiveCfg = Debug|x64
		{315C134B-DF72-45F7-B9B7-AF051E19F74C}.Debug|Any CPU.Build.0 = Debug|x64
		{315C134B-DF72-45F7-B9B7-AF051E19F74C}.Debug|x64.ActiveCfg = Debug|x64
		{315C134B-DF72-45F7-B9B7-AF051E19F74C}.Debug|x64.Build.0 = Debug|x64
		{315C134B-DF72-45F7-B9B7-AF051E19F74C}.Debug|x86.ActiveCfg = Debug|x86
		{315C134B-DF72-45F7-B9B7-AF051E19F74C}.Debug|x86.Build.0 = Debug|x86
		{315C134B-DF72-45F7-B9B7-AF051E19F74C}.Release|Any CPU.ActiveCfg = Release|x64
		{315C134B-DF72-45F7-B9B7-AF051E19F74C}.Release|Any CPU.Build.0 = Release|x64
		{315C134B-DF72-45F7-B9B7-AF051E19F74C}.Release|x64.ActiveCfg = Release|x64
		{315C134B-DF72-45F7-B9B7-AF051E19F74C}.Release|x64.Build.0 = Release|x64
		{315C134B-DF72-45F7-B9B7-AF051E19F74C}.Release|x86.ActiveCfg = Release|x86
		{315C134B-DF72-45F7-B9B7-AF051E19F74C}.Release|x86.Build.0 = Release|x86
		{C1978B6D-2D46-49DA-9A54-C1CD4C737EE4}.Debug|Any CPU.ActiveCfg = Debug|Any CPU
		{C1978B6D-2D46-49DA-9A54-C1CD4C737EE4}.Debug|Any CPU.Build.0 = Debug|Any CPU
		{C1978B6D-2D46-49DA-9A54-C1CD4C737EE4}.Debug|x64.ActiveCfg = Debug|Any CPU
		{C1978B6D-2D46-49DA-9A54-C1CD4C737EE4}.Debug|x64.Build.0 = Debug|Any CPU
		{C1978B6D-2D46-49DA-9A54-C1CD4C737EE4}.Debug|x86.ActiveCfg = Debug|Any CPU
		{C1978B6D-2D46-49DA-9A54-C1CD4C737EE4}.Debug|x86.Build.0 = Debug|Any CPU
		{C1978B6D-2D46-49DA-9A54-C1CD4C737EE4}.Release|Any CPU.ActiveCfg = Release|Any CPU
		{C1978B6D-2D46-49DA-9A54-C1CD4C737EE4}.Release|Any CPU.Build.0 = Release|Any CPU
		{C1978B6D-2D46-49DA-9A54-C1CD4C737EE4}.Release|x64.ActiveCfg = Release|Any CPU
		{C1978B6D-2D46-49DA-9A54-C1CD4C737EE4}.Release|x64.Build.0 = Release|Any CPU
		{C1978B6D-2D46-49DA-9A54-C1CD4C737EE4}.Release|x86.ActiveCfg = Release|Any CPU
		{C1978B6D-2D46-49DA-9A54-C1CD4C737EE4}.Release|x86.Build.0 = Release|Any CPU
		{C406B9FE-88E4-4FDF-854D-6C7979949008}.Debug|Any CPU.ActiveCfg = Debug|Any CPU
		{C406B9FE-88E4-4FDF-854D-6C7979949008}.Debug|Any CPU.Build.0 = Debug|Any CPU
		{C406B9FE-88E4-4FDF-854D-6C7979949008}.Debug|x64.ActiveCfg = Debug|Any CPU
		{C406B9FE-88E4-4FDF-854D-6C7979949008}.Debug|x64.Build.0 = Debug|Any CPU
		{C406B9FE-88E4-4FDF-854D-6C7979949008}.Debug|x86.ActiveCfg = Debug|Any CPU
		{C406B9FE-88E4-4FDF-854D-6C7979949008}.Debug|x86.Build.0 = Debug|Any CPU
		{C406B9FE-88E4-4FDF-854D-6C7979949008}.Release|Any CPU.ActiveCfg = Release|Any CPU
		{C406B9FE-88E4-4FDF-854D-6C7979949008}.Release|Any CPU.Build.0 = Release|Any CPU
		{C406B9FE-88E4-4FDF-854D-6C7979949008}.Release|x64.ActiveCfg = Release|Any CPU
		{C406B9FE-88E4-4FDF-854D-6C7979949008}.Release|x64.Build.0 = Release|Any CPU
		{C406B9FE-88E4-4FDF-854D-6C7979949008}.Release|x86.ActiveCfg = Release|Any CPU
		{C406B9FE-88E4-4FDF-854D-6C7979949008}.Release|x86.Build.0 = Release|Any CPU
	EndGlobalSection
	GlobalSection(SolutionProperties) = preSolution
		HideSolutionNode = FALSE
	EndGlobalSection
	GlobalSection(ExtensibilityGlobals) = postSolution
		SolutionGuid = {A2D25618-F531-4709-91B0-D3FC19EFEEAC}
	EndGlobalSection
EndGlobal
